
Microsoft Visual Studio Solution File, Format Version 12.00
# Visual Studio 15
VisualStudioVersion = 15.0.27130.2003
MinimumVisualStudioVersion = 10.0.40219.1
Project("{8BC9CEB8-8B4A-11D0-8D11-00A0C91BC942}") = "brown_buffalo_controller", "brown_buffalo_controller\brown_buffalo_controller.vcxproj", "{381392BC-5CD7-46D4-AE63-A5AE465FB439}"
EndProject
Global
	GlobalSection(SolutionConfigurationPlatforms) = preSolution
		Debug|x64 = Debug|x64
		Debug|x86 = Debug|x86
		Release|x64 = Release|x64
		Release|x86 = Release|x86
	EndGlobalSection
	GlobalSection(ProjectConfigurationPlatforms) = postSolution
		{381392BC-5CD7-46D4-AE63-A5AE465FB439}.Debug|x64.ActiveCfg = Debug|x64
		{381392BC-5CD7-46D4-AE63-A5AE465FB439}.Debug|x64.Build.0 = Debug|x64
		{381392BC-5CD7-46D4-AE63-A5AE465FB439}.Debug|x86.ActiveCfg = Debug|Win32
		{381392BC-5CD7-46D4-AE63-A5AE465FB439}.Debug|x86.Build.0 = Debug|Win32
		{381392BC-5CD7-46D4-AE63-A5AE465FB439}.Release|x64.ActiveCfg = Release|x64
		{381392BC-5CD7-46D4-AE63-A5AE465FB439}.Release|x64.Build.0 = Release|x64
		{381392BC-5CD7-46D4-AE63-A5AE465FB439}.Release|x86.ActiveCfg = Release|Win32
		{381392BC-5CD7-46D4-AE63-A5AE465FB439}.Release|x86.Build.0 = Release|Win32
	EndGlobalSection
	GlobalSection(SolutionProperties) = preSolution
		HideSolutionNode = FALSE
	EndGlobalSection
	GlobalSection(ExtensibilityGlobals) = postSolution
		SolutionGuid = {6A6AE76C-124C-4C7E-B42B-83844512A111}
	EndGlobalSection
EndGlobal
